
Microsoft Visual Studio Solution File, Format Version 12.00
# Visual Studio 15
VisualStudioVersion = 15.0.26730.8
MinimumVisualStudioVersion = 10.0.40219.1
Project("{FAE04EC0-301F-11D3-BF4B-00C04F79EFBC}") = "EasyNote", "EasyNote\EasyNote.csproj", "{EC2C86AB-74E3-4954-B49D-140D5488DD52}"
EndProject
Global
	GlobalSection(SolutionConfigurationPlatforms) = preSolution
		Debug|Any CPU = Debug|Any CPU
		Release|Any CPU = Release|Any CPU
	EndGlobalSection
	GlobalSection(ProjectConfigurationPlatforms) = postSolution
		{EC2C86AB-74E3-4954-B49D-140D5488DD52}.Debug|Any CPU.ActiveCfg = Debug|Any CPU
		{EC2C86AB-74E3-4954-B49D-140D5488DD52}.Debug|Any CPU.Build.0 = Debug|Any CPU
		{EC2C86AB-74E3-4954-B49D-140D5488DD52}.Release|Any CPU.ActiveCfg = Release|Any CPU
		{EC2C86AB-74E3-4954-B49D-140D5488DD52}.Release|Any CPU.Build.0 = Release|Any CPU
	EndGlobalSection
	GlobalSection(SolutionProperties) = preSolution
		HideSolutionNode = FALSE
	EndGlobalSection
	GlobalSection(ExtensibilityGlobals) = postSolution
		SolutionGuid = {2C770FE9-6BC4-4CA5-A519-EFC428C7257B}
	EndGlobalSection
EndGlobal
