
Microsoft Visual Studio Solution File, Format Version 12.00
# Visual Studio 15
VisualStudioVersion = 15.0.26730.8
MinimumVisualStudioVersion = 10.0.40219.1
Project("{FAE04EC0-301F-11D3-BF4B-00C04F79EFBC}") = "Encode 4.0", "Encode 4.0\Encode 4.0.csproj", "{06C6B153-ED2E-455A-B989-F0C7BDEDC61B}"
EndProject
Global
	GlobalSection(SolutionConfigurationPlatforms) = preSolution
		Debug|Any CPU = Debug|Any CPU
		Release|Any CPU = Release|Any CPU
	EndGlobalSection
	GlobalSection(ProjectConfigurationPlatforms) = postSolution
		{06C6B153-ED2E-455A-B989-F0C7BDEDC61B}.Debug|Any CPU.ActiveCfg = Debug|Any CPU
		{06C6B153-ED2E-455A-B989-F0C7BDEDC61B}.Debug|Any CPU.Build.0 = Debug|Any CPU
		{06C6B153-ED2E-455A-B989-F0C7BDEDC61B}.Release|Any CPU.ActiveCfg = Release|Any CPU
		{06C6B153-ED2E-455A-B989-F0C7BDEDC61B}.Release|Any CPU.Build.0 = Release|Any CPU
	EndGlobalSection
	GlobalSection(SolutionProperties) = preSolution
		HideSolutionNode = FALSE
	EndGlobalSection
	GlobalSection(ExtensibilityGlobals) = postSolution
		SolutionGuid = {C14CF2CC-7ABC-4363-88E2-E308520794B0}
	EndGlobalSection
EndGlobal
